lockfileVersion: '9.0'

settings:
  autoInstallPeers: true
  excludeLinksFromLockfile: false

importers:

  .:
    dependencies:
      mp-progress:
        specifier: ^1.2.14
        version: 1.2.14
      uview-plus:
        specifier: ^3.3.67
        version: 3.3.67

packages:

  clipboard@2.0.11:
    resolution: {integrity: sha512-C+0bbOqkezLIsmWSvlsXS0Q0bmkugu7jcfMIACB+RDEntIzQIkdr148we28AfSloQLRdZlYL/QYyrq05j/3Faw==}

  dayjs@1.11.13:
    resolution: {integrity: sha512-oaMBel6gjolK862uaPQOVTA7q3TZhuSvuMQAAglQDOWYO9A91IrAOUJEyKVlqJlHE0vq5p5UXxzdPfMH/x6xNg==}

  delegate@3.2.0:
    resolution: {integrity: sha512-IofjkYBZaZivn0V8nnsMJGBr4jVLxHDheKSW88PyxS5QC4Vo9ZbZVvhzlSxY87fVq3STR6r+4cGepyHkcWOQSw==}

  good-listener@1.2.2:
    resolution: {integrity: sha512-goW1b+d9q/HIwbVYZzZ6SsTr4IgE+WA44A0GmPIQstuOrgsFcT7VEJ48nmr9GaRtNu0XTKacFLGnBPAM6Afouw==}

  mp-progress@1.2.14:
    resolution: {integrity: sha512-lYJyRIYsc/XjuD1KOMbMBlaHhJdsfFY+7VZ3xJnB5FE4q2HIjvYHhnThy6bVmfIh4dCxnImZuMjsrhGBRlG94w==}

  select@1.1.2:
    resolution: {integrity: sha512-OwpTSOfy6xSs1+pwcNrv0RBMOzI39Lp3qQKUTPVVPRjCdNa5JH/oPRiqsesIskK8TVgmRiHwO4KXlV2Li9dANA==}

  tiny-emitter@2.1.0:
    resolution: {integrity: sha512-NB6Dk1A9xgQPMoGqC5CVXn123gWyte215ONT5Pp5a0yt4nlEoO1ZWeCwpncaekPHXO60i47ihFnZPiRPjRMq4Q==}

  uview-plus@3.3.67:
    resolution: {integrity: sha512-6JWCDhBXTbBt2EoX2jncv7fNE1PpTFOqAyArqkIRVCMuQX3BAQ9zK98HynzGERk1LUksEopMeo94sDEgGY9TUQ==}
    engines: {HBuilderX: ^3.1.0}

snapshots:

  clipboard@2.0.11:
    dependencies:
      good-listener: 1.2.2
      select: 1.1.2
      tiny-emitter: 2.1.0

  dayjs@1.11.13: {}

  delegate@3.2.0: {}

  good-listener@1.2.2:
    dependencies:
      delegate: 3.2.0

  mp-progress@1.2.14: {}

  select@1.1.2: {}

  tiny-emitter@2.1.0: {}

  uview-plus@3.3.67:
    dependencies:
      clipboard: 2.0.11
      dayjs: 1.11.13
